
Microsoft Visual Studio Solution File, Format Version 12.00
# Visual Studio Express 14 for Web
VisualStudioVersion = 14.0.25420.1
MinimumVisualStudioVersion = 10.0.40219.1
Project("{FAE04EC0-301F-11D3-BF4B-00C04F79EFBC}") = "Web_Project", "Web_Project\Web_Project.csproj", "{CE0F2C3A-8A21-4956-965D-1DD0C9D0CC8D}"
EndProject
Global
	GlobalSection(SolutionConfigurationPlatforms) = preSolution
		Debug|Any CPU = Debug|Any CPU
		Release|Any CPU = Release|Any CPU
	EndGlobalSection
	GlobalSection(ProjectConfigurationPlatforms) = postSolution
		{CE0F2C3A-8A21-4956-965D-1DD0C9D0CC8D}.Debug|Any CPU.ActiveCfg = Debug|Any CPU
		{CE0F2C3A-8A21-4956-965D-1DD0C9D0CC8D}.Debug|Any CPU.Build.0 = Debug|Any CPU
		{CE0F2C3A-8A21-4956-965D-1DD0C9D0CC8D}.Release|Any CPU.ActiveCfg = Release|Any CPU
		{CE0F2C3A-8A21-4956-965D-1DD0C9D0CC8D}.Release|Any CPU.Build.0 = Release|Any CPU
	EndGlobalSection
	GlobalSection(SolutionProperties) = preSolution
		HideSolutionNode = FALSE
	EndGlobalSection
EndGlobal
